// !$*UTF8*$!
{
	archiveVersion = 1;
	classes = {
	};
	objectVersion = 46;
	objects = {

/* Begin PBXBuildFile section */
		01930EBC19EFC42B007756ED /* PhotosUI.framework in Frameworks */ = {isa = PBXBuildFile; fileRef = 01930EBB19EFC42B007756ED /* PhotosUI.framework */; };
		01930EBE19EFC42B007756ED /* Photos.framework in Frameworks */ = {isa = PBXBuildFile; fileRef = 01930EBD19EFC42B007756ED /* Photos.framework */; };
		01930EC919EFC42B007756ED /* MemoryTestPhotoExtension.appex in Embed App Extensions */ = {isa = PBXBuildFile; fileRef = 01930EBA19EFC42B007756ED /* MemoryTestPhotoExtension.appex */; settings = {ATTRIBUTES = (RemoveHeadersOnCopy, ); }; };
		019DBFDF19EFC68300726E4D /* ViewController.m in Sources */ = {isa = PBXBuildFile; fileRef = 55F58DD8164838D5008566AE /* ViewController.m */; };
		019DBFE019EFC73C00726E4D /* MainStoryboard.storyboard in Resources */ = {isa = PBXBuildFile; fileRef = 55F58DD1164838D5008566AE /* MainStoryboard.storyboard */; };
		55A231FC16488541001C3E62 /* README.md in Resources */ = {isa = PBXBuildFile; fileRef = 55A231FB16488541001C3E62 /* README.md */; };
		55F58DBA164838D4008566AE /* UIKit.framework in Frameworks */ = {isa = PBXBuildFile; fileRef = 55F58DB9164838D4008566AE /* UIKit.framework */; };
		55F58DBC164838D4008566AE /* Foundation.framework in Frameworks */ = {isa = PBXBuildFile; fileRef = 55F58DBB164838D4008566AE /* Foundation.framework */; };
		55F58DBE164838D4008566AE /* CoreGraphics.framework in Frameworks */ = {isa = PBXBuildFile; fileRef = 55F58DBD164838D4008566AE /* CoreGraphics.framework */; };
		55F58DC4164838D4008566AE /* InfoPlist.strings in Resources */ = {isa = PBXBuildFile; fileRef = 55F58DC2164838D4008566AE /* InfoPlist.strings */; };
		55F58DC6164838D4008566AE /* main.m in Sources */ = {isa = PBXBuildFile; fileRef = 55F58DC5164838D4008566AE /* main.m */; };
		55F58DCA164838D4008566AE /* AppDelegate.m in Sources */ = {isa = PBXBuildFile; fileRef = 55F58DC9164838D4008566AE /* AppDelegate.m */; };
		55F58DCC164838D4008566AE /* Default.png in Resources */ = {isa = PBXBuildFile; fileRef = 55F58DCB164838D4008566AE /* Default.png */; };
		55F58DCE164838D4008566AE /* Default@2x.png in Resources */ = {isa = PBXBuildFile; fileRef = 55F58DCD164838D4008566AE /* Default@2x.png */; };
		55F58DD0164838D5008566AE /* Default-568h@2x.png in Resources */ = {isa = PBXBuildFile; fileRef = 55F58DCF164838D5008566AE /* Default-568h@2x.png */; };
		55F58DD3164838D5008566AE /* MainStoryboard.storyboard in Resources */ = {isa = PBXBuildFile; fileRef = 55F58DD1164838D5008566AE /* MainStoryboard.storyboard */; };
		55F58DD9164838D5008566AE /* ViewController.m in Sources */ = {isa = PBXBuildFile; fileRef = 55F58DD8164838D5008566AE /* ViewController.m */; };
/* End PBXBuildFile section */

/* Begin PBXContainerItemProxy section */
		01930EC719EFC42B007756ED /* PBXContainerItemProxy */ = {
			isa = PBXContainerItemProxy;
			containerPortal = 55F58DAC164838D4008566AE /* Project object */;
			proxyType = 1;
			remoteGlobalIDString = 01930EB919EFC42B007756ED;
			remoteInfo = MemoryTestPhotoExtension;
		};
		01930ECA19EFC42B007756ED /* PBXContainerItemProxy */ = {
			isa = PBXContainerItemProxy;
			containerPortal = 55F58DAC164838D4008566AE /* Project object */;
			proxyType = 1;
			remoteGlobalIDString = 01930EB919EFC42B007756ED;
			remoteInfo = MemoryTestPhotoExtension;
		};
/* End PBXContainerItemProxy section */

/* Begin PBXCopyFilesBuildPhase section */
		01930ECF19EFC42B007756ED /* Embed App Extensions */ = {
			isa = PBXCopyFilesBuildPhase;
			buildActionMask = 2147483647;
			dstPath = "";
			dstSubfolderSpec = 13;
			files = (
				01930EC919EFC42B007756ED /* MemoryTestPhotoExtension.appex in Embed App Extensions */,
			);
			name = "Embed App Extensions";
			runOnlyForDeploymentPostprocessing = 0;
		};
/* End PBXCopyFilesBuildPhase section */

/* Begin PBXFileReference section */
		01930EBA19EFC42B007756ED /* MemoryTestPhotoExtension.appex */ = {isa = PBXFileReference; explicitFileType = "wrapper.app-extension"; includeInIndex = 0; path = MemoryTestPhotoExtension.appex; sourceTree = BUILT_PRODUCTS_DIR; };
		01930EBB19EFC42B007756ED /* PhotosUI.framework */ = {isa = PBXFileReference; lastKnownFileType = wrapper.framework; name = PhotosUI.framework; path = System/Library/Frameworks/PhotosUI.framework; sourceTree = SDKROOT; };
		01930EBD19EFC42B007756ED /* Photos.framework */ = {isa = PBXFileReference; lastKnownFileType = wrapper.framework; name = Photos.framework; path = System/Library/Frameworks/Photos.framework; sourceTree = SDKROOT; };
		01930EC119EFC42B007756ED /* Info.plist */ = {isa = PBXFileReference; lastKnownFileType = text.plist.xml; path = Info.plist; sourceTree = "<group>"; };
		55A231FB16488541001C3E62 /* README.md */ = {isa = PBXFileReference; fileEncoding = 4; lastKnownFileType = text; path = README.md; sourceTree = SOURCE_ROOT; };
		55F58DB5164838D4008566AE /* MemoryTest.app */ = {isa = PBXFileReference; explicitFileType = wrapper.application; includeInIndex = 0; path = MemoryTest.app; sourceTree = BUILT_PRODUCTS_DIR; };
		55F58DB9164838D4008566AE /* UIKit.framework */ = {isa = PBXFileReference; lastKnownFileType = wrapper.framework; name = UIKit.framework; path = System/Library/Frameworks/UIKit.framework; sourceTree = SDKROOT; };
		55F58DBB164838D4008566AE /* Foundation.framework */ = {isa = PBXFileReference; lastKnownFileType = wrapper.framework; name = Foundation.framework; path = System/Library/Frameworks/Foundation.framework; sourceTree = SDKROOT; };
		55F58DBD164838D4008566AE /* CoreGraphics.framework */ = {isa = PBXFileReference; lastKnownFileType = wrapper.framework; name = CoreGraphics.framework; path = System/Library/Frameworks/CoreGraphics.framework; sourceTree = SDKROOT; };
		55F58DC1164838D4008566AE /* MemoryTest-Info.plist */ = {isa = PBXFileReference; lastKnownFileType = text.plist.xml; path = "MemoryTest-Info.plist"; sourceTree = "<group>"; };
		55F58DC3164838D4008566AE /* en */ = {isa = PBXFileReference; lastKnownFileType = text.plist.strings; name = en; path = en.lproj/InfoPlist.strings; sourceTree = "<group>"; };
		55F58DC5164838D4008566AE /* main.m */ = {isa = PBXFileReference; lastKnownFileType = sourcecode.c.objc; path = main.m; sourceTree = "<group>"; };
		55F58DC7164838D4008566AE /* MemoryTest-Prefix.pch */ = {isa = PBXFileReference; lastKnownFileType = sourcecode.c.h; path = "MemoryTest-Prefix.pch"; sourceTree = "<group>"; };
		55F58DC8164838D4008566AE /* AppDelegate.h */ = {isa = PBXFileReference; lastKnownFileType = sourcecode.c.h; path = AppDelegate.h; sourceTree = "<group>"; };
		55F58DC9164838D4008566AE /* AppDelegate.m */ = {isa = PBXFileReference; lastKnownFileType = sourcecode.c.objc; path = AppDelegate.m; sourceTree = "<group>"; };
		55F58DCB164838D4008566AE /* Default.png */ = {isa = PBXFileReference; lastKnownFileType = image.png; path = Default.png; sourceTree = "<group>"; };
		55F58DCD164838D4008566AE /* Default@2x.png */ = {isa = PBXFileReference; lastKnownFileType = image.png; path = "Default@2x.png"; sourceTree = "<group>"; };
		55F58DCF164838D5008566AE /* Default-568h@2x.png */ = {isa = PBXFileReference; lastKnownFileType = image.png; path = "Default-568h@2x.png"; sourceTree = "<group>"; };
		55F58DD2164838D5008566AE /* en */ = {isa = PBXFileReference; lastKnownFileType = file.storyboard; name = en; path = en.lproj/MainStoryboard.storyboard; sourceTree = "<group>"; };
		55F58DD7164838D5008566AE /* ViewController.h */ = {isa = PBXFileReference; lastKnownFileType = sourcecode.c.h; path = ViewController.h; sourceTree = "<group>"; };
		55F58DD8164838D5008566AE /* ViewController.m */ = {isa = PBXFileReference; lastKnownFileType = sourcecode.c.objc; path = ViewController.m; sourceTree = "<group>"; };
/* End PBXFileReference section */

/* Begin PBXFrameworksBuildPhase section */
		01930EB719EFC42B007756ED /* Frameworks */ = {
			isa = PBXFrameworksBuildPhase;
			buildActionMask = 2147483647;
			files = (
				01930EBC19EFC42B007756ED /* PhotosUI.framework in Frameworks */,
				01930EBE19EFC42B007756ED /* Photos.framework in Frameworks */,
			);
			runOnlyForDeploymentPostprocessing = 0;
		};
		55F58DB2164838D4008566AE /* Frameworks */ = {
			isa = PBXFrameworksBuildPhase;
			buildActionMask = 2147483647;
			files = (
				55F58DBA164838D4008566AE /* UIKit.framework in Frameworks */,
				55F58DBC164838D4008566AE /* Foundation.framework in Frameworks */,
				55F58DBE164838D4008566AE /* CoreGraphics.framework in Frameworks */,
			);
			runOnlyForDeploymentPostprocessing = 0;
		};
/* End PBXFrameworksBuildPhase section */

/* Begin PBXGroup section */
		01930EBF19EFC42B007756ED /* MemoryTestPhotoExtension */ = {
			isa = PBXGroup;
			children = (
				01930EC119EFC42B007756ED /* Info.plist */,
			);
			path = MemoryTestPhotoExtension;
			sourceTree = "<group>";
		};
		55F58DAA164838D4008566AE = {
			isa = PBXGroup;
			children = (
				55F58DBF164838D4008566AE /* MemoryTest */,
				01930EBF19EFC42B007756ED /* MemoryTestPhotoExtension */,
				55F58DB8164838D4008566AE /* Frameworks */,
				55F58DB6164838D4008566AE /* Products */,
			);
			sourceTree = "<group>";
		};
		55F58DB6164838D4008566AE /* Products */ = {
			isa = PBXGroup;
			children = (
				55F58DB5164838D4008566AE /* MemoryTest.app */,
				01930EBA19EFC42B007756ED /* MemoryTestPhotoExtension.appex */,
			);
			name = Products;
			sourceTree = "<group>";
		};
		55F58DB8164838D4008566AE /* Frameworks */ = {
			isa = PBXGroup;
			children = (
				55F58DB9164838D4008566AE /* UIKit.framework */,
				55F58DBB164838D4008566AE /* Foundation.framework */,
				55F58DBD164838D4008566AE /* CoreGraphics.framework */,
				01930EBB19EFC42B007756ED /* PhotosUI.framework */,
				01930EBD19EFC42B007756ED /* Photos.framework */,
			);
			name = Frameworks;
			sourceTree = "<group>";
		};
		55F58DBF164838D4008566AE /* MemoryTest */ = {
			isa = PBXGroup;
			children = (
				55F58DC8164838D4008566AE /* AppDelegate.h */,
				55F58DC9164838D4008566AE /* AppDelegate.m */,
				55F58DD1164838D5008566AE /* MainStoryboard.storyboard */,
				55F58DD7164838D5008566AE /* ViewController.h */,
				55F58DD8164838D5008566AE /* ViewController.m */,
				55F58DC0164838D4008566AE /* Supporting Files */,
			);
			path = MemoryTest;
			sourceTree = "<group>";
		};
		55F58DC0164838D4008566AE /* Supporting Files */ = {
			isa = PBXGroup;
			children = (
				55A231FB16488541001C3E62 /* README.md */,
				55F58DC1164838D4008566AE /* MemoryTest-Info.plist */,
				55F58DC2164838D4008566AE /* InfoPlist.strings */,
				55F58DC5164838D4008566AE /* main.m */,
				55F58DC7164838D4008566AE /* MemoryTest-Prefix.pch */,
				55F58DCB164838D4008566AE /* Default.png */,
				55F58DCD164838D4008566AE /* Default@2x.png */,
				55F58DCF164838D5008566AE /* Default-568h@2x.png */,
			);
			name = "Supporting Files";
			sourceTree = "<group>";
		};
/* End PBXGroup section */

/* Begin PBXNativeTarget section */
		01930EB919EFC42B007756ED /* MemoryTestPhotoExtension */ = {
			isa = PBXNativeTarget;
			buildConfigurationList = 01930ECE19EFC42B007756ED /* Build configuration list for PBXNativeTarget "MemoryTestPhotoExtension" */;
			buildPhases = (
				01930EB619EFC42B007756ED /* Sources */,
				01930EB719EFC42B007756ED /* Frameworks */,
				01930EB819EFC42B007756ED /* Resources */,
			);
			buildRules = (
			);
			dependencies = (
			);
			name = MemoryTestPhotoExtension;
			productName = MemoryTestPhotoExtension;
			productReference = 01930EBA19EFC42B007756ED /* MemoryTestPhotoExtension.appex */;
			productType = "com.apple.product-type.app-extension";
		};
		55F58DB4164838D4008566AE /* MemoryTest */ = {
			isa = PBXNativeTarget;
			buildConfigurationList = 55F58DDC164838D5008566AE /* Build configuration list for PBXNativeTarget "MemoryTest" */;
			buildPhases = (
				55F58DB1164838D4008566AE /* Sources */,
				55F58DB2164838D4008566AE /* Frameworks */,
				55F58DB3164838D4008566AE /* Resources */,
				01930ECF19EFC42B007756ED /* Embed App Extensions */,
			);
			buildRules = (
			);
			dependencies = (
				01930EC819EFC42B007756ED /* PBXTargetDependency */,
				01930ECB19EFC42B007756ED /* PBXTargetDependency */,
			);
			name = MemoryTest;
			productName = MemoryTest;
			productReference = 55F58DB5164838D4008566AE /* MemoryTest.app */;
			productType = "com.apple.product-type.application";
		};
/* End PBXNativeTarget section */

/* Begin PBXProject section */
		55F58DAC164838D4008566AE /* Project object */ = {
			isa = PBXProject;
			attributes = {
				LastUpgradeCheck = 0450;
				ORGANIZATIONNAME = "Jan Ilavsky";
				TargetAttributes = {
					01930EB919EFC42B007756ED = {
						CreatedOnToolsVersion = 6.0.1;
					};
				};
			};
			buildConfigurationList = 55F58DAF164838D4008566AE /* Build configuration list for PBXProject "MemoryTest" */;
			compatibilityVersion = "Xcode 3.2";
			developmentRegion = English;
			hasScannedForEncodings = 0;
			knownRegions = (
				en,
			);
			mainGroup = 55F58DAA164838D4008566AE;
			productRefGroup = 55F58DB6164838D4008566AE /* Products */;
			projectDirPath = "";
			projectRoot = "";
			targets = (
				55F58DB4164838D4008566AE /* MemoryTest */,
				01930EB919EFC42B007756ED /* MemoryTestPhotoExtension */,
			);
		};
/* End PBXProject section */

/* Begin PBXResourcesBuildPhase section */
		01930EB819EFC42B007756ED /* Resources */ = {
			isa = PBXResourcesBuildPhase;
			buildActionMask = 2147483647;
			files = (
				019DBFE019EFC73C00726E4D /* MainStoryboard.storyboard in Resources */,
			);
			runOnlyForDeploymentPostprocessing = 0;
		};
		55F58DB3164838D4008566AE /* Resources */ = {
			isa = PBXResourcesBuildPhase;
			buildActionMask = 2147483647;
			files = (
				55F58DC4164838D4008566AE /* InfoPlist.strings in Resources */,
				55F58DCC164838D4008566AE /* Default.png in Resources */,
				55F58DCE164838D4008566AE /* Default@2x.png in Resources */,
				55F58DD0164838D5008566AE /* Default-568h@2x.png in Resources */,
				55F58DD3164838D5008566AE /* MainStoryboard.storyboard in Resources */,
				55A231FC16488541001C3E62 /* README.md in Resources */,
			);
			runOnlyForDeploymentPostprocessing = 0;
		};
/* End PBXResourcesBuildPhase section */

/* Begin PBXSourcesBuildPhase section */
		01930EB619EFC42B007756ED /* Sources */ = {
			isa = PBXSourcesBuildPhase;
			buildActionMask = 2147483647;
			files = (
				019DBFDF19EFC68300726E4D /* ViewController.m in Sources */,
			);
			runOnlyForDeploymentPostprocessing = 0;
		};
		55F58DB1164838D4008566AE /* Sources */ = {
			isa = PBXSourcesBuildPhase;
			buildActionMask = 2147483647;
			files = (
				55F58DC6164838D4008566AE /* main.m in Sources */,
				55F58DCA164838D4008566AE /* AppDelegate.m in Sources */,
				55F58DD9164838D5008566AE /* ViewController.m in Sources */,
			);
			runOnlyForDeploymentPostprocessing = 0;
		};
/* End PBXSourcesBuildPhase section */

/* Begin PBXTargetDependency section */
		01930EC819EFC42B007756ED /* PBXTargetDependency */ = {
			isa = PBXTargetDependency;
			target = 01930EB919EFC42B007756ED /* MemoryTestPhotoExtension */;
			targetProxy = 01930EC719EFC42B007756ED /* PBXContainerItemProxy */;
		};
		01930ECB19EFC42B007756ED /* PBXTargetDependency */ = {
			isa = PBXTargetDependency;
			target = 01930EB919EFC42B007756ED /* MemoryTestPhotoExtension */;
			targetProxy = 01930ECA19EFC42B007756ED /* PBXContainerItemProxy */;
		};
/* End PBXTargetDependency section */

/* Begin PBXVariantGroup section */
		55F58DC2164838D4008566AE /* InfoPlist.strings */ = {
			isa = PBXVariantGroup;
			children = (
				55F58DC3164838D4008566AE /* en */,
			);
			name = InfoPlist.strings;
			sourceTree = "<group>";
		};
		55F58DD1164838D5008566AE /* MainStoryboard.storyboard */ = {
			isa = PBXVariantGroup;
			children = (
				55F58DD2164838D5008566AE /* en */,
			);
			name = MainStoryboard.storyboard;
			sourceTree = "<group>";
		};
/* End PBXVariantGroup section */

/* Begin XCBuildConfiguration section */
		01930ECC19EFC42B007756ED /* Debug */ = {
			isa = XCBuildConfiguration;
			buildSettings = {
				CLANG_ENABLE_MODULES = YES;
				CLANG_WARN_BOOL_CONVERSION = YES;
				CLANG_WARN_CONSTANT_CONVERSION = YES;
				CLANG_WARN_DIRECT_OBJC_ISA_USAGE = YES_ERROR;
				CLANG_WARN_ENUM_CONVERSION = YES;
				CLANG_WARN_INT_CONVERSION = YES;
				CLANG_WARN_OBJC_ROOT_CLASS = YES_ERROR;
				CLANG_WARN_UNREACHABLE_CODE = YES;
				ENABLE_STRICT_OBJC_MSGSEND = YES;
				GCC_PREPROCESSOR_DEFINITIONS = (
					PHOTO_EXTENSION_BUILD,
					"DEBUG=1",
				);
				GCC_WARN_64_TO_32_BIT_CONVERSION = YES;
				GCC_WARN_ABOUT_RETURN_TYPE = YES_ERROR;
				GCC_WARN_UNDECLARED_SELECTOR = YES;
				GCC_WARN_UNINITIALIZED_AUTOS = YES_AGGRESSIVE;
				GCC_WARN_UNUSED_FUNCTION = YES;
				INFOPLIST_FILE = MemoryTestPhotoExtension/Info.plist;
				IPHONEOS_DEPLOYMENT_TARGET = 8.0;
				LD_RUNPATH_SEARCH_PATHS = "$(inherited) @executable_path/Frameworks @executable_path/../../Frameworks";
				MTL_ENABLE_DEBUG_INFO = YES;
				PRODUCT_NAME = "$(TARGET_NAME)";
				SKIP_INSTALL = YES;
			};
			name = Debug;
		};
		01930ECD19EFC42B007756ED /* Release */ = {
			isa = XCBuildConfiguration;
			buildSettings = {
				CLANG_ENABLE_MODULES = YES;
				CLANG_WARN_BOOL_CONVERSION = YES;
				CLANG_WARN_CONSTANT_CONVERSION = YES;
				CLANG_WARN_DIRECT_OBJC_ISA_USAGE = YES_ERROR;
				CLANG_WARN_ENUM_CONVERSION = YES;
				CLANG_WARN_INT_CONVERSION = YES;
				CLANG_WARN_OBJC_ROOT_CLASS = YES_ERROR;
				CLANG_WARN_UNREACHABLE_CODE = YES;
				ENABLE_NS_ASSERTIONS = NO;
				ENABLE_STRICT_OBJC_MSGSEND = YES;
				GCC_PREPROCESSOR_DEFINITIONS = PHOTO_EXTENSION_BUILD;
				GCC_WARN_64_TO_32_BIT_CONVERSION = YES;
				GCC_WARN_ABOUT_RETURN_TYPE = YES_ERROR;
				GCC_WARN_UNDECLARED_SELECTOR = YES;
				GCC_WARN_UNINITIALIZED_AUTOS = YES_AGGRESSIVE;
				GCC_WARN_UNUSED_FUNCTION = YES;
				INFOPLIST_FILE = MemoryTestPhotoExtension/Info.plist;
				IPHONEOS_DEPLOYMENT_TARGET = 8.0;
				LD_RUNPATH_SEARCH_PATHS = "$(inherited) @executable_path/Frameworks @executable_path/../../Frameworks";
				MTL_ENABLE_DEBUG_INFO = NO;
				PRODUCT_NAME = "$(TARGET_NAME)";
				SKIP_INSTALL = YES;
			};
			name = Release;
		};
		55F58DDA164838D5008566AE /* Debug */ = {
			isa = XCBuildConfiguration;
			buildSettings = {
				ALWAYS_SEARCH_USER_PATHS = NO;
				CLANG_CXX_LANGUAGE_STANDARD = "gnu++0x";
				CLANG_CXX_LIBRARY = "libc++";
				CLANG_ENABLE_OBJC_ARC = YES;
				CLANG_WARN_EMPTY_BODY = YES;
				CLANG_WARN__DUPLICATE_METHOD_MATCH = YES;
				"CODE_SIGN_IDENTITY[sdk=iphoneos*]" = "iPhone Developer";
				COPY_PHASE_STRIP = NO;
				GCC_C_LANGUAGE_STANDARD = gnu99;
				GCC_DYNAMIC_NO_PIC = NO;
				GCC_OPTIMIZATION_LEVEL = 0;
				GCC_PREPROCESSOR_DEFINITIONS = (
					"DEBUG=1",
					"$(inherited)",
				);
				GCC_SYMBOLS_PRIVATE_EXTERN = NO;
				GCC_WARN_ABOUT_RETURN_TYPE = YES;
				GCC_WARN_UNINITIALIZED_AUTOS = YES;
				GCC_WARN_UNUSED_VARIABLE = YES;
				IPHONEOS_DEPLOYMENT_TARGET = 6.0;
				ONLY_ACTIVE_ARCH = YES;
				SDKROOT = iphoneos;
				TARGETED_DEVICE_FAMILY = "1,2";
			};
			name = Debug;
		};
		55F58DDB164838D5008566AE /* Release */ = {
			isa = XCBuildConfiguration;
			buildSettings = {
				ALWAYS_SEARCH_USER_PATHS = NO;
				CLANG_CXX_LANGUAGE_STANDARD = "gnu++0x";
				CLANG_CXX_LIBRARY = "libc++";
				CLANG_ENABLE_OBJC_ARC = YES;
				CLANG_WARN_EMPTY_BODY = YES;
				CLANG_WARN__DUPLICATE_METHOD_MATCH = YES;
				"CODE_SIGN_IDENTITY[sdk=iphoneos*]" = "iPhone Developer";
				COPY_PHASE_STRIP = YES;
				GCC_C_LANGUAGE_STANDARD = gnu99;
				GCC_WARN_ABOUT_RETURN_TYPE = YES;
				GCC_WARN_UNINITIALIZED_AUTOS = YES;
				GCC_WARN_UNUSED_VARIABLE = YES;
				IPHONEOS_DEPLOYMENT_TARGET = 6.0;
				OTHER_CFLAGS = "-DNS_BLOCK_ASSERTIONS=1";
				SDKROOT = iphoneos;
				TARGETED_DEVICE_FAMILY = "1,2";
				VALIDATE_PRODUCT = YES;
			};
			name = Release;
		};
		55F58DDD164838D5008566AE /* Debug */ = {
			isa = XCBuildConfiguration;
			buildSettings = {
				GCC_PRECOMPILE_PREFIX_HEADER = YES;
				GCC_PREFIX_HEADER = "MemoryTest/MemoryTest-Prefix.pch";
				INFOPLIST_FILE = "MemoryTest/MemoryTest-Info.plist";
				PRODUCT_NAME = "$(TARGET_NAME)";
				WRAPPER_EXTENSION = app;
			};
			name = Debug;
		};
		55F58DDE164838D5008566AE /* Release */ = {
			isa = XCBuildConfiguration;
			buildSettings = {
				GCC_PRECOMPILE_PREFIX_HEADER = YES;
				GCC_PREFIX_HEADER = "MemoryTest/MemoryTest-Prefix.pch";
				INFOPLIST_FILE = "MemoryTest/MemoryTest-Info.plist";
				PRODUCT_NAME = "$(TARGET_NAME)";
				WRAPPER_EXTENSION = app;
			};
			name = Release;
		};
/* End XCBuildConfiguration section */

/* Begin XCConfigurationList section */
		01930ECE19EFC42B007756ED /* Build configuration list for PBXNativeTarget "MemoryTestPhotoExtension" */ = {
			isa = XCConfigurationList;
			buildConfigurations = (
				01930ECC19EFC42B007756ED /* Debug */,
				01930ECD19EFC42B007756ED /* Release */,
			);
			defaultConfigurationIsVisible = 0;
			defaultConfigurationName = Release;
		};
		55F58DAF164838D4008566AE /* Build configuration list for PBXProject "MemoryTest" */ = {
			isa = XCConfigurationList;
			buildConfigurations = (
				55F58DDA164838D5008566AE /* Debug */,
				55F58DDB164838D5008566AE /* Release */,
			);
			defaultConfigurationIsVisible = 0;
			defaultConfigurationName = Release;
		};
		55F58DDC164838D5008566AE /* Build configuration list for PBXNativeTarget "MemoryTest" */ = {
			isa = XCConfigurationList;
			buildConfigurations = (
				55F58DDD164838D5008566AE /* Debug */,
				55F58DDE164838D5008566AE /* Release */,
			);
			defaultConfigurationIsVisible = 0;
			defaultConfigurationName = Release;
		};
/* End XCConfigurationList section */
	};
	rootObject = 55F58DAC164838D4008566AE /* Project object */;
}
